
Microsoft Visual Studio Solution File, Format Version 12.00
# Visual Studio Version 17
VisualStudioVersion = 17.0.31903.59
MinimumVisualStudioVersion = 10.0.40219.1
Project("{9A19103F-16F7-4668-BE54-9A1E7A4F7556}") = "ProcessManager.App.Wpf", "ProcessManager.App.Wpf\ProcessManager.App.Wpf.csproj", "{777443A9-E0B7-48D5-8A0B-23EE8892DB8D}"
EndProject
Project("{9A19103F-16F7-4668-BE54-9A1E7A4F7556}") = "ProcessManager.App.Wpf.Core", "ProcessManager.App.Wpf.Core\ProcessManager.App.Wpf.Core.csproj", "{95FB9F93-146B-4FA0-96A3-189F4F8E8566}"
EndProject
Project("{9A19103F-16F7-4668-BE54-9A1E7A4F7556}") = "ProcessManager.App.Wpf.Tests.WinAppDriver", "ProcessManager.App.Wpf.Tests.WinAppDriver\ProcessManager.App.Wpf.Tests.WinAppDriver.csproj", "{88F74A27-6542-4D8E-8E3E-1D7314646B62}"
EndProject
Project("{9A19103F-16F7-4668-BE54-9A1E7A4F7556}") = "ProcessManager.App.Wpf.Tests.xUnit", "ProcessManager.App.Wpf.Tests.xUnit\ProcessManager.App.Wpf.Tests.xUnit.csproj", "{17369A0F-D176-46C8-BB60-D8B55350673C}"
EndProject
Project("{C7167F0D-BC9F-4E6E-AFE1-012C56B48DB5}") = "ProcessManager.Packaging", "ProcessManager.Packaging\ProcessManager.Packaging.wapproj", "{73C38434-E863-495A-93E9-C585A26B9A4D}"
EndProject
Project("{54435603-DBB4-11D2-8724-00A0C9A8B90C}") = "ProcessManager.Wpf.Setup", "ProcessManager.Wpf.Setup\ProcessManager.Wpf.Setup.vdproj", "{46C15D49-C4D3-4BAB-BC93-1EDD0385C6F1}"
EndProject
Global
	GlobalSection(SolutionConfigurationPlatforms) = preSolution
		Debug|Any CPU = Debug|Any CPU
		Debug|ARM = Debug|ARM
		Debug|ARM64 = Debug|ARM64
		Debug|x64 = Debug|x64
		Debug|x86 = Debug|x86
		Release|Any CPU = Release|Any CPU
		Release|ARM = Release|ARM
		Release|ARM64 = Release|ARM64
		Release|x64 = Release|x64
		Release|x86 = Release|x86
	EndGlobalSection
	GlobalSection(ProjectConfigurationPlatforms) = postSolution
		{777443A9-E0B7-48D5-8A0B-23EE8892DB8D}.Debug|Any CPU.ActiveCfg = Debug|Any CPU
		{777443A9-E0B7-48D5-8A0B-23EE8892DB8D}.Debug|Any CPU.Build.0 = Debug|Any CPU
		{777443A9-E0B7-48D5-8A0B-23EE8892DB8D}.Debug|ARM.ActiveCfg = Debug|Any CPU
		{777443A9-E0B7-48D5-8A0B-23EE8892DB8D}.Debug|ARM.Build.0 = Debug|Any CPU
		{777443A9-E0B7-48D5-8A0B-23EE8892DB8D}.Debug|ARM64.ActiveCfg = Debug|Any CPU
		{777443A9-E0B7-48D5-8A0B-23EE8892DB8D}.Debug|ARM64.Build.0 = Debug|Any CPU
		{777443A9-E0B7-48D5-8A0B-23EE8892DB8D}.Debug|x64.ActiveCfg = Debug|Any CPU
		{777443A9-E0B7-48D5-8A0B-23EE8892DB8D}.Debug|x64.Build.0 = Debug|Any CPU
		{777443A9-E0B7-48D5-8A0B-23EE8892DB8D}.Debug|x86.ActiveCfg = Debug|Any CPU
		{777443A9-E0B7-48D5-8A0B-23EE8892DB8D}.Debug|x86.Build.0 = Debug|Any CPU
		{777443A9-E0B7-48D5-8A0B-23EE8892DB8D}.Release|Any CPU.ActiveCfg = Release|Any CPU
		{777443A9-E0B7-48D5-8A0B-23EE8892DB8D}.Release|Any CPU.Build.0 = Release|Any CPU
		{777443A9-E0B7-48D5-8A0B-23EE8892DB8D}.Release|ARM.ActiveCfg = Release|Any CPU
		{777443A9-E0B7-48D5-8A0B-23EE8892DB8D}.Release|ARM.Build.0 = Release|Any CPU
		{777443A9-E0B7-48D5-8A0B-23EE8892DB8D}.Release|ARM64.ActiveCfg = Release|Any CPU
		{777443A9-E0B7-48D5-8A0B-23EE8892DB8D}.Release|ARM64.Build.0 = Release|Any CPU
		{777443A9-E0B7-48D5-8A0B-23EE8892DB8D}.Release|x64.ActiveCfg = Release|Any CPU
		{777443A9-E0B7-48D5-8A0B-23EE8892DB8D}.Release|x64.Build.0 = Release|Any CPU
		{777443A9-E0B7-48D5-8A0B-23EE8892DB8D}.Release|x86.ActiveCfg = Release|Any CPU
		{777443A9-E0B7-48D5-8A0B-23EE8892DB8D}.Release|x86.Build.0 = Release|Any CPU
		{95FB9F93-146B-4FA0-96A3-189F4F8E8566}.Debug|Any CPU.ActiveCfg = Debug|Any CPU
		{95FB9F93-146B-4FA0-96A3-189F4F8E8566}.Debug|Any CPU.Build.0 = Debug|Any CPU
		{95FB9F93-146B-4FA0-96A3-189F4F8E8566}.Debug|ARM.ActiveCfg = Debug|Any CPU
		{95FB9F93-146B-4FA0-96A3-189F4F8E8566}.Debug|ARM.Build.0 = Debug|Any CPU
		{95FB9F93-146B-4FA0-96A3-189F4F8E8566}.Debug|ARM64.ActiveCfg = Debug|Any CPU
		{95FB9F93-146B-4FA0-96A3-189F4F8E8566}.Debug|ARM64.Build.0 = Debug|Any CPU
		{95FB9F93-146B-4FA0-96A3-189F4F8E8566}.Debug|x64.ActiveCfg = Debug|Any CPU
		{95FB9F93-146B-4FA0-96A3-189F4F8E8566}.Debug|x64.Build.0 = Debug|Any CPU
		{95FB9F93-146B-4FA0-96A3-189F4F8E8566}.Debug|x86.ActiveCfg = Debug|Any CPU
		{95FB9F93-146B-4FA0-96A3-189F4F8E8566}.Debug|x86.Build.0 = Debug|Any CPU
		{95FB9F93-146B-4FA0-96A3-189F4F8E8566}.Release|Any CPU.ActiveCfg = Release|Any CPU
		{95FB9F93-146B-4FA0-96A3-189F4F8E8566}.Release|Any CPU.Build.0 = Release|Any CPU
		{95FB9F93-146B-4FA0-96A3-189F4F8E8566}.Release|ARM.ActiveCfg = Release|Any CPU
		{95FB9F93-146B-4FA0-96A3-189F4F8E8566}.Release|ARM.Build.0 = Release|Any CPU
		{95FB9F93-146B-4FA0-96A3-189F4F8E8566}.Release|ARM64.ActiveCfg = Release|Any CPU
		{95FB9F93-146B-4FA0-96A3-189F4F8E8566}.Release|ARM64.Build.0 = Release|Any CPU
		{95FB9F93-146B-4FA0-96A3-189F4F8E8566}.Release|x64.ActiveCfg = Release|Any CPU
		{95FB9F93-146B-4FA0-96A3-189F4F8E8566}.Release|x64.Build.0 = Release|Any CPU
		{95FB9F93-146B-4FA0-96A3-189F4F8E8566}.Release|x86.ActiveCfg = Release|Any CPU
		{95FB9F93-146B-4FA0-96A3-189F4F8E8566}.Release|x86.Build.0 = Release|Any CPU
		{88F74A27-6542-4D8E-8E3E-1D7314646B62}.Debug|Any CPU.ActiveCfg = Debug|Any CPU
		{88F74A27-6542-4D8E-8E3E-1D7314646B62}.Debug|Any CPU.Build.0 = Debug|Any CPU
		{88F74A27-6542-4D8E-8E3E-1D7314646B62}.Debug|ARM.ActiveCfg = Debug|Any CPU
		{88F74A27-6542-4D8E-8E3E-1D7314646B62}.Debug|ARM.Build.0 = Debug|Any CPU
		{88F74A27-6542-4D8E-8E3E-1D7314646B62}.Debug|ARM64.ActiveCfg = Debug|Any CPU
		{88F74A27-6542-4D8E-8E3E-1D7314646B62}.Debug|ARM64.Build.0 = Debug|Any CPU
		{88F74A27-6542-4D8E-8E3E-1D7314646B62}.Debug|x64.ActiveCfg = Debug|x64
		{88F74A27-6542-4D8E-8E3E-1D7314646B62}.Debug|x64.Build.0 = Debug|x64
		{88F74A27-6542-4D8E-8E3E-1D7314646B62}.Debug|x86.ActiveCfg = Debug|x86
		{88F74A27-6542-4D8E-8E3E-1D7314646B62}.Debug|x86.Build.0 = Debug|x86
		{88F74A27-6542-4D8E-8E3E-1D7314646B62}.Release|Any CPU.ActiveCfg = Release|Any CPU
		{88F74A27-6542-4D8E-8E3E-1D7314646B62}.Release|Any CPU.Build.0 = Release|Any CPU
		{88F74A27-6542-4D8E-8E3E-1D7314646B62}.Release|ARM.ActiveCfg = Release|Any CPU
		{88F74A27-6542-4D8E-8E3E-1D7314646B62}.Release|ARM.Build.0 = Release|Any CPU
		{88F74A27-6542-4D8E-8E3E-1D7314646B62}.Release|ARM64.ActiveCfg = Release|Any CPU
		{88F74A27-6542-4D8E-8E3E-1D7314646B62}.Release|ARM64.Build.0 = Release|Any CPU
		{88F74A27-6542-4D8E-8E3E-1D7314646B62}.Release|x64.ActiveCfg = Release|x64
		{88F74A27-6542-4D8E-8E3E-1D7314646B62}.Release|x64.Build.0 = Release|x64
		{88F74A27-6542-4D8E-8E3E-1D7314646B62}.Release|x86.ActiveCfg = Release|x86
		{88F74A27-6542-4D8E-8E3E-1D7314646B62}.Release|x86.Build.0 = Release|x86
		{17369A0F-D176-46C8-BB60-D8B55350673C}.Debug|Any CPU.ActiveCfg = Debug|Any CPU
		{17369A0F-D176-46C8-BB60-D8B55350673C}.Debug|Any CPU.Build.0 = Debug|Any CPU
		{17369A0F-D176-46C8-BB60-D8B55350673C}.Debug|ARM.ActiveCfg = Debug|Any CPU
		{17369A0F-D176-46C8-BB60-D8B55350673C}.Debug|ARM.Build.0 = Debug|Any CPU
		{17369A0F-D176-46C8-BB60-D8B55350673C}.Debug|ARM64.ActiveCfg = Debug|Any CPU
		{17369A0F-D176-46C8-BB60-D8B55350673C}.Debug|ARM64.Build.0 = Debug|Any CPU
		{17369A0F-D176-46C8-BB60-D8B55350673C}.Debug|x64.ActiveCfg = Debug|x64
		{17369A0F-D176-46C8-BB60-D8B55350673C}.Debug|x64.Build.0 = Debug|x64
		{17369A0F-D176-46C8-BB60-D8B55350673C}.Debug|x86.ActiveCfg = Debug|x86
		{17369A0F-D176-46C8-BB60-D8B55350673C}.Debug|x86.Build.0 = Debug|x86
		{17369A0F-D176-46C8-BB60-D8B55350673C}.Release|Any CPU.ActiveCfg = Release|Any CPU
		{17369A0F-D176-46C8-BB60-D8B55350673C}.Release|Any CPU.Build.0 = Release|Any CPU
		{17369A0F-D176-46C8-BB60-D8B55350673C}.Release|ARM.ActiveCfg = Release|Any CPU
		{17369A0F-D176-46C8-BB60-D8B55350673C}.Release|ARM.Build.0 = Release|Any CPU
		{17369A0F-D176-46C8-BB60-D8B55350673C}.Release|ARM64.ActiveCfg = Release|Any CPU
		{17369A0F-D176-46C8-BB60-D8B55350673C}.Release|ARM64.Build.0 = Release|Any CPU
		{17369A0F-D176-46C8-BB60-D8B55350673C}.Release|x64.ActiveCfg = Release|x64
		{17369A0F-D176-46C8-BB60-D8B55350673C}.Release|x64.Build.0 = Release|x64
		{17369A0F-D176-46C8-BB60-D8B55350673C}.Release|x86.ActiveCfg = Release|x86
		{17369A0F-D176-46C8-BB60-D8B55350673C}.Release|x86.Build.0 = Release|x86
		{73C38434-E863-495A-93E9-C585A26B9A4D}.Debug|Any CPU.ActiveCfg = Debug|Any CPU
		{73C38434-E863-495A-93E9-C585A26B9A4D}.Debug|Any CPU.Build.0 = Debug|Any CPU
		{73C38434-E863-495A-93E9-C585A26B9A4D}.Debug|Any CPU.Deploy.0 = Debug|Any CPU
		{73C38434-E863-495A-93E9-C585A26B9A4D}.Debug|ARM.ActiveCfg = Debug|ARM
		{73C38434-E863-495A-93E9-C585A26B9A4D}.Debug|ARM.Build.0 = Debug|ARM
		{73C38434-E863-495A-93E9-C585A26B9A4D}.Debug|ARM.Deploy.0 = Debug|ARM
		{73C38434-E863-495A-93E9-C585A26B9A4D}.Debug|ARM64.ActiveCfg = Debug|ARM64
		{73C38434-E863-495A-93E9-C585A26B9A4D}.Debug|ARM64.Build.0 = Debug|ARM64
		{73C38434-E863-495A-93E9-C585A26B9A4D}.Debug|ARM64.Deploy.0 = Debug|ARM64
		{73C38434-E863-495A-93E9-C585A26B9A4D}.Debug|x64.ActiveCfg = Debug|x64
		{73C38434-E863-495A-93E9-C585A26B9A4D}.Debug|x64.Build.0 = Debug|x64
		{73C38434-E863-495A-93E9-C585A26B9A4D}.Debug|x64.Deploy.0 = Debug|x64
		{73C38434-E863-495A-93E9-C585A26B9A4D}.Debug|x86.ActiveCfg = Debug|x86
		{73C38434-E863-495A-93E9-C585A26B9A4D}.Debug|x86.Build.0 = Debug|x86
		{73C38434-E863-495A-93E9-C585A26B9A4D}.Debug|x86.Deploy.0 = Debug|x86
		{73C38434-E863-495A-93E9-C585A26B9A4D}.Release|Any CPU.ActiveCfg = Release|Any CPU
		{73C38434-E863-495A-93E9-C585A26B9A4D}.Release|Any CPU.Build.0 = Release|Any CPU
		{73C38434-E863-495A-93E9-C585A26B9A4D}.Release|Any CPU.Deploy.0 = Release|Any CPU
		{73C38434-E863-495A-93E9-C585A26B9A4D}.Release|ARM.ActiveCfg = Release|ARM
		{73C38434-E863-495A-93E9-C585A26B9A4D}.Release|ARM.Build.0 = Release|ARM
		{73C38434-E863-495A-93E9-C585A26B9A4D}.Release|ARM.Deploy.0 = Release|ARM
		{73C38434-E863-495A-93E9-C585A26B9A4D}.Release|ARM64.ActiveCfg = Release|ARM64
		{73C38434-E863-495A-93E9-C585A26B9A4D}.Release|ARM64.Build.0 = Release|ARM64
		{73C38434-E863-495A-93E9-C585A26B9A4D}.Release|ARM64.Deploy.0 = Release|ARM64
		{73C38434-E863-495A-93E9-C585A26B9A4D}.Release|x64.ActiveCfg = Release|x64
		{73C38434-E863-495A-93E9-C585A26B9A4D}.Release|x64.Build.0 = Release|x64
		{73C38434-E863-495A-93E9-C585A26B9A4D}.Release|x64.Deploy.0 = Release|x64
		{73C38434-E863-495A-93E9-C585A26B9A4D}.Release|x86.ActiveCfg = Release|x86
		{73C38434-E863-495A-93E9-C585A26B9A4D}.Release|x86.Build.0 = Release|x86
		{73C38434-E863-495A-93E9-C585A26B9A4D}.Release|x86.Deploy.0 = Release|x86
		{46C15D49-C4D3-4BAB-BC93-1EDD0385C6F1}.Debug|Any CPU.ActiveCfg = Debug
		{46C15D49-C4D3-4BAB-BC93-1EDD0385C6F1}.Debug|Any CPU.Build.0 = Debug
		{46C15D49-C4D3-4BAB-BC93-1EDD0385C6F1}.Debug|ARM.ActiveCfg = Debug
		{46C15D49-C4D3-4BAB-BC93-1EDD0385C6F1}.Debug|ARM.Build.0 = Debug
		{46C15D49-C4D3-4BAB-BC93-1EDD0385C6F1}.Debug|ARM64.ActiveCfg = Debug
		{46C15D49-C4D3-4BAB-BC93-1EDD0385C6F1}.Debug|ARM64.Build.0 = Debug
		{46C15D49-C4D3-4BAB-BC93-1EDD0385C6F1}.Debug|x64.ActiveCfg = Debug
		{46C15D49-C4D3-4BAB-BC93-1EDD0385C6F1}.Debug|x64.Build.0 = Debug
		{46C15D49-C4D3-4BAB-BC93-1EDD0385C6F1}.Debug|x86.ActiveCfg = Debug
		{46C15D49-C4D3-4BAB-BC93-1EDD0385C6F1}.Debug|x86.Build.0 = Debug
		{46C15D49-C4D3-4BAB-BC93-1EDD0385C6F1}.Release|Any CPU.ActiveCfg = Release
		{46C15D49-C4D3-4BAB-BC93-1EDD0385C6F1}.Release|Any CPU.Build.0 = Release
		{46C15D49-C4D3-4BAB-BC93-1EDD0385C6F1}.Release|ARM.ActiveCfg = Release
		{46C15D49-C4D3-4BAB-BC93-1EDD0385C6F1}.Release|ARM.Build.0 = Release
		{46C15D49-C4D3-4BAB-BC93-1EDD0385C6F1}.Release|ARM64.ActiveCfg = Release
		{46C15D49-C4D3-4BAB-BC93-1EDD0385C6F1}.Release|ARM64.Build.0 = Release
		{46C15D49-C4D3-4BAB-BC93-1EDD0385C6F1}.Release|x64.ActiveCfg = Release
		{46C15D49-C4D3-4BAB-BC93-1EDD0385C6F1}.Release|x64.Build.0 = Release
		{46C15D49-C4D3-4BAB-BC93-1EDD0385C6F1}.Release|x86.ActiveCfg = Release
		{46C15D49-C4D3-4BAB-BC93-1EDD0385C6F1}.Release|x86.Build.0 = Release
	EndGlobalSection
	GlobalSection(SolutionProperties) = preSolution
		HideSolutionNode = FALSE
	EndGlobalSection
EndGlobal
